
Microsoft Visual Studio Solution File, Format Version 12.00
# Visual Studio Version 17
VisualStudioVersion = 17.14.36401.2
MinimumVisualStudioVersion = 10.0.40219.1
Project("{2150E333-8FDC-42A3-9474-1A3956D46DE8}") = "src", "src", "{02EA681E-C7D8-13C7-8484-4AC65E1B71E8}"
EndProject
Project("{FAE04EC0-301F-11D3-BF4B-00C04F79EFBC}") = "Infraestructure", "src\Infraestructure\Infraestructure.csproj", "{EDBD099D-29F4-AA35-673A-5F69A5187346}"
EndProject
Project("{FAE04EC0-301F-11D3-BF4B-00C04F79EFBC}") = "Domain", "src\Domain\Domain.csproj", "{87EDA1D2-4B5B-E524-38CE-D0BFCA5F4D6B}"
EndProject
Project("{FAE04EC0-301F-11D3-BF4B-00C04F79EFBC}") = "BackgrondServices", "src\BackgroundServices\BackgrondServices.csproj", "{075298D0-3C58-C56D-C083-065FDDAC5B82}"
EndProject
Project("{FAE04EC0-301F-11D3-BF4B-00C04F79EFBC}") = "Application", "src\Application\Application.csproj", "{5BDAB160-5258-45DA-1CDF-4BFCF367E785}"
EndProject
Project("{E53339B2-1760-4266-BCC7-CA923CBCF16C}") = "docker-compose", "docker-compose.dcproj", "{81DDED9D-158B-E303-5F62-77A2896D2A5A}"
EndProject
Global
	GlobalSection(SolutionConfigurationPlatforms) = preSolution
		Debug|Any CPU = Debug|Any CPU
		Release|Any CPU = Release|Any CPU
	EndGlobalSection
	GlobalSection(ProjectConfigurationPlatforms) = postSolution
		{EDBD099D-29F4-AA35-673A-5F69A5187346}.Debug|Any CPU.ActiveCfg = Debug|Any CPU
		{EDBD099D-29F4-AA35-673A-5F69A5187346}.Debug|Any CPU.Build.0 = Debug|Any CPU
		{EDBD099D-29F4-AA35-673A-5F69A5187346}.Release|Any CPU.ActiveCfg = Release|Any CPU
		{EDBD099D-29F4-AA35-673A-5F69A5187346}.Release|Any CPU.Build.0 = Release|Any CPU
		{87EDA1D2-4B5B-E524-38CE-D0BFCA5F4D6B}.Debug|Any CPU.ActiveCfg = Debug|Any CPU
		{87EDA1D2-4B5B-E524-38CE-D0BFCA5F4D6B}.Debug|Any CPU.Build.0 = Debug|Any CPU
		{87EDA1D2-4B5B-E524-38CE-D0BFCA5F4D6B}.Release|Any CPU.ActiveCfg = Release|Any CPU
		{87EDA1D2-4B5B-E524-38CE-D0BFCA5F4D6B}.Release|Any CPU.Build.0 = Release|Any CPU
		{075298D0-3C58-C56D-C083-065FDDAC5B82}.Debug|Any CPU.ActiveCfg = Debug|Any CPU
		{075298D0-3C58-C56D-C083-065FDDAC5B82}.Debug|Any CPU.Build.0 = Debug|Any CPU
		{075298D0-3C58-C56D-C083-065FDDAC5B82}.Release|Any CPU.ActiveCfg = Release|Any CPU
		{075298D0-3C58-C56D-C083-065FDDAC5B82}.Release|Any CPU.Build.0 = Release|Any CPU
		{5BDAB160-5258-45DA-1CDF-4BFCF367E785}.Debug|Any CPU.ActiveCfg = Debug|Any CPU
		{5BDAB160-5258-45DA-1CDF-4BFCF367E785}.Debug|Any CPU.Build.0 = Debug|Any CPU
		{5BDAB160-5258-45DA-1CDF-4BFCF367E785}.Release|Any CPU.ActiveCfg = Release|Any CPU
		{5BDAB160-5258-45DA-1CDF-4BFCF367E785}.Release|Any CPU.Build.0 = Release|Any CPU
		{81DDED9D-158B-E303-5F62-77A2896D2A5A}.Debug|Any CPU.ActiveCfg = Debug|Any CPU
		{81DDED9D-158B-E303-5F62-77A2896D2A5A}.Debug|Any CPU.Build.0 = Debug|Any CPU
		{81DDED9D-158B-E303-5F62-77A2896D2A5A}.Release|Any CPU.ActiveCfg = Release|Any CPU
		{81DDED9D-158B-E303-5F62-77A2896D2A5A}.Release|Any CPU.Build.0 = Release|Any CPU
	EndGlobalSection
	GlobalSection(SolutionProperties) = preSolution
		HideSolutionNode = FALSE
	EndGlobalSection
	GlobalSection(NestedProjects) = preSolution
		{EDBD099D-29F4-AA35-673A-5F69A5187346} = {02EA681E-C7D8-13C7-8484-4AC65E1B71E8}
		{87EDA1D2-4B5B-E524-38CE-D0BFCA5F4D6B} = {02EA681E-C7D8-13C7-8484-4AC65E1B71E8}
		{075298D0-3C58-C56D-C083-065FDDAC5B82} = {02EA681E-C7D8-13C7-8484-4AC65E1B71E8}
		{5BDAB160-5258-45DA-1CDF-4BFCF367E785} = {02EA681E-C7D8-13C7-8484-4AC65E1B71E8}
	EndGlobalSection
	GlobalSection(ExtensibilityGlobals) = postSolution
		SolutionGuid = {DF671E5D-9424-4F0B-A63A-C04BEC105228}
	EndGlobalSection
EndGlobal
